// !$*UTF8*$!
{
	archiveVersion = 1;
	classes = {
	};
	objectVersion = 51;
	objects = {

/* Begin PBXBuildFile section */
		EA0781C825F33AA300D79F65 /* AppDelegate.swift in Sources */ = {isa = PBXBuildFile; fileRef = EA0781C725F33AA300D79F65 /* AppDelegate.swift */; };
		EA0781CA25F33AA300D79F65 /* SceneDelegate.swift in Sources */ = {isa = PBXBuildFile; fileRef = EA0781C925F33AA300D79F65 /* SceneDelegate.swift */; };
		EA0781CC25F33AA300D79F65 /* ViewController.swift in Sources */ = {isa = PBXBuildFile; fileRef = EA0781CB25F33AA300D79F65 /* ViewController.swift */; };
		EA0781CF25F33AA300D79F65 /* Main.storyboard in Resources */ = {isa = PBXBuildFile; fileRef = EA0781CD25F33AA300D79F65 /* Main.storyboard */; };
		EA0781D125F33AA700D79F65 /* Assets.xcassets in Resources */ = {isa = PBXBuildFile; fileRef = EA0781D025F33AA700D79F65 /* Assets.xcassets */; };
		EA0781D425F33AA700D79F65 /* LaunchScreen.storyboard in Resources */ = {isa = PBXBuildFile; fileRef = EA0781D225F33AA700D79F65 /* LaunchScreen.storyboard */; };
/* End PBXBuildFile section */

/* Begin PBXFileReference section */
		5314C4EF1F7F67CEFB6BA7C6 /* Pods-UITextView图文混排demo.release.xcconfig */ = {isa = PBXFileReference; includeInIndex = 1; lastKnownFileType = text.xcconfig; name = "Pods-UITextView图文混排demo.release.xcconfig"; path = "Target Support Files/Pods-UITextView图文混排demo/Pods-UITextView图文混排demo.release.xcconfig"; sourceTree = "<group>"; };
		7FCC9CF1DAA0E03DCEC35F79 /* Pods-UITextView图文混排demo.debug.xcconfig */ = {isa = PBXFileReference; includeInIndex = 1; lastKnownFileType = text.xcconfig; name = "Pods-UITextView图文混排demo.debug.xcconfig"; path = "Target Support Files/Pods-UITextView图文混排demo/Pods-UITextView图文混排demo.debug.xcconfig"; sourceTree = "<group>"; };
		EA0781C425F33AA300D79F65 /* UITextView图文混排demo.app */ = {isa = PBXFileReference; explicitFileType = wrapper.application; includeInIndex = 0; path = "UITextView图文混排demo.app"; sourceTree = BUILT_PRODUCTS_DIR; };
		EA0781C725F33AA300D79F65 /* AppDelegate.swift */ = {isa = PBXFileReference; lastKnownFileType = sourcecode.swift; path = AppDelegate.swift; sourceTree = "<group>"; };
		EA0781C925F33AA300D79F65 /* SceneDelegate.swift */ = {isa = PBXFileReference; lastKnownFileType = sourcecode.swift; path = SceneDelegate.swift; sourceTree = "<group>"; };
		EA0781CB25F33AA300D79F65 /* ViewController.swift */ = {isa = PBXFileReference; lastKnownFileType = sourcecode.swift; path = ViewController.swift; sourceTree = "<group>"; };
		EA0781CE25F33AA300D79F65 /* Base */ = {isa = PBXFileReference; lastKnownFileType = file.storyboard; name = Base; path = Base.lproj/Main.storyboard; sourceTree = "<group>"; };
		EA0781D025F33AA700D79F65 /* Assets.xcassets */ = {isa = PBXFileReference; lastKnownFileType = folder.assetcatalog; path = Assets.xcassets; sourceTree = "<group>"; };
		EA0781D325F33AA700D79F65 /* Base */ = {isa = PBXFileReference; lastKnownFileType = file.storyboard; name = Base; path = Base.lproj/LaunchScreen.storyboard; sourceTree = "<group>"; };
		EA0781D525F33AA700D79F65 /* Info.plist */ = {isa = PBXFileReference; lastKnownFileType = text.plist.xml; path = Info.plist; sourceTree = "<group>"; };
/* End PBXFileReference section */

/* Begin PBXFrameworksBuildPhase section */
		EA0781C125F33AA300D79F65 /* Frameworks */ = {
			isa = PBXFrameworksBuildPhase;
			buildActionMask = 2147483647;
			files = (
			);
			runOnlyForDeploymentPostprocessing = 0;
		};
/* End PBXFrameworksBuildPhase section */

/* Begin PBXGroup section */
		199F1F4CB14B5DDA0EABF262 /* Pods */ = {
			isa = PBXGroup;
			children = (
				7FCC9CF1DAA0E03DCEC35F79 /* Pods-UITextView图文混排demo.debug.xcconfig */,
				5314C4EF1F7F67CEFB6BA7C6 /* Pods-UITextView图文混排demo.release.xcconfig */,
			);
			path = Pods;
			sourceTree = "<group>";
		};
		EA0781BB25F33AA300D79F65 = {
			isa = PBXGroup;
			children = (
				EA0781C625F33AA300D79F65 /* UITextView图文混排demo */,
				EA0781C525F33AA300D79F65 /* Products */,
				199F1F4CB14B5DDA0EABF262 /* Pods */,
				FCFE25AE05C6E17EC13A3479 /* Frameworks */,
			);
			sourceTree = "<group>";
		};
		EA0781C525F33AA300D79F65 /* Products */ = {
			isa = PBXGroup;
			children = (
				EA0781C425F33AA300D79F65 /* UITextView图文混排demo.app */,
			);
			name = Products;
			sourceTree = "<group>";
		};
		EA0781C625F33AA300D79F65 /* UITextView图文混排demo */ = {
			isa = PBXGroup;
			children = (
				EA0781C725F33AA300D79F65 /* AppDelegate.swift */,
				EA0781C925F33AA300D79F65 /* SceneDelegate.swift */,
				EA0781CB25F33AA300D79F65 /* ViewController.swift */,
				EA0781CD25F33AA300D79F65 /* Main.storyboard */,
				EA0781D025F33AA700D79F65 /* Assets.xcassets */,
				EA0781D225F33AA700D79F65 /* LaunchScreen.storyboard */,
				EA0781D525F33AA700D79F65 /* Info.plist */,
			);
			path = "UITextView图文混排demo";
			sourceTree = "<group>";
		};
		FCFE25AE05C6E17EC13A3479 /* Frameworks */ = {
			isa = PBXGroup;
			children = (
			);
			name = Frameworks;
			sourceTree = "<group>";
		};
/* End PBXGroup section */

/* Begin PBXNativeTarget section */
		EA0781C325F33AA300D79F65 /* UITextView图文混排demo */ = {
			isa = PBXNativeTarget;
			buildConfigurationList = EA0781D825F33AA700D79F65 /* Build configuration list for PBXNativeTarget "UITextView图文混排demo" */;
			buildPhases = (
				C21369709928C26D36B940B7 /* [CP] Check Pods Manifest.lock */,
				EA0781C025F33AA300D79F65 /* Sources */,
				EA0781C125F33AA300D79F65 /* Frameworks */,
				EA0781C225F33AA300D79F65 /* Resources */,
				FD57A3082B954BE09C8EC1E8 /* [CP] Embed Pods Frameworks */,
			);
			buildRules = (
			);
			dependencies = (
			);
			name = "UITextView图文混排demo";
			productName = "UITextView图文混排demo";
			productReference = EA0781C425F33AA300D79F65 /* UITextView图文混排demo.app */;
			productType = "com.apple.product-type.application";
		};
/* End PBXNativeTarget section */

/* Begin PBXProject section */
		EA0781BC25F33AA300D79F65 /* Project object */ = {
			isa = PBXProject;
			attributes = {
				LastSwiftUpdateCheck = 1240;
				LastUpgradeCheck = 1240;
				TargetAttributes = {
					EA0781C325F33AA300D79F65 = {
						CreatedOnToolsVersion = 12.4;
					};
				};
			};
			buildConfigurationList = EA0781BF25F33AA300D79F65 /* Build configuration list for PBXProject "UITextView图文混排demo" */;
			compatibilityVersion = "Xcode 9.3";
			developmentRegion = en;
			hasScannedForEncodings = 0;
			knownRegions = (
				en,
				Base,
			);
			mainGroup = EA0781BB25F33AA300D79F65;
			productRefGroup = EA0781C525F33AA300D79F65 /* Products */;
			projectDirPath = "";
			projectRoot = "";
			targets = (
				EA0781C325F33AA300D79F65 /* UITextView图文混排demo */,
			);
		};
/* End PBXProject section */

/* Begin PBXResourcesBuildPhase section */
		EA0781C225F33AA300D79F65 /* Resources */ = {
			isa = PBXResourcesBuildPhase;
			buildActionMask = 2147483647;
			files = (
				EA0781D425F33AA700D79F65 /* LaunchScreen.storyboard in Resources */,
				EA0781D125F33AA700D79F65 /* Assets.xcassets in Resources */,
				EA0781CF25F33AA300D79F65 /* Main.storyboard in Resources */,
			);
			runOnlyForDeploymentPostprocessing = 0;
		};
/* End PBXResourcesBuildPhase section */

/* Begin PBXShellScriptBuildPhase section */
		C21369709928C26D36B940B7 /* [CP] Check Pods Manifest.lock */ = {
			isa = PBXShellScriptBuildPhase;
			buildActionMask = 2147483647;
			files = (
			);
			inputFileListPaths = (
			);
			inputPaths = (
				"${PODS_PODFILE_DIR_PATH}/Podfile.lock",
				"${PODS_ROOT}/Manifest.lock",
			);
			name = "[CP] Check Pods Manifest.lock";
			outputFileListPaths = (
			);
			outputPaths = (
				"$(DERIVED_FILE_DIR)/Pods-UITextView图文混排demo-checkManifestLockResult.txt",
			);
			runOnlyForDeploymentPostprocessing = 0;
			shellPath = /bin/sh;
			shellScript = "diff \"${PODS_PODFILE_DIR_PATH}/Podfile.lock\" \"${PODS_ROOT}/Manifest.lock\" > /dev/null\nif [ $? != 0 ] ; then\n    # print error to STDERR\n    echo \"error: The sandbox is not in sync with the Podfile.lock. Run 'pod install' or update your CocoaPods installation.\" >&2\n    exit 1\nfi\n# This output is used by Xcode 'outputs' to avoid re-running this script phase.\necho \"SUCCESS\" > \"${SCRIPT_OUTPUT_FILE_0}\"\n";
			showEnvVarsInLog = 0;
		};
		FD57A3082B954BE09C8EC1E8 /* [CP] Embed Pods Frameworks */ = {
			isa = PBXShellScriptBuildPhase;
			buildActionMask = 2147483647;
			files = (
			);
			inputFileListPaths = (
				"${PODS_ROOT}/Target Support Files/Pods-UITextView图文混排demo/Pods-UITextView图文混排demo-frameworks-${CONFIGURATION}-input-files.xcfilelist",
			);
			name = "[CP] Embed Pods Frameworks";
			outputFileListPaths = (
				"${PODS_ROOT}/Target Support Files/Pods-UITextView图文混排demo/Pods-UITextView图文混排demo-frameworks-${CONFIGURATION}-output-files.xcfilelist",
			);
			runOnlyForDeploymentPostprocessing = 0;
			shellPath = /bin/sh;
			shellScript = "\"${PODS_ROOT}/Target Support Files/Pods-UITextView图文混排demo/Pods-UITextView图文混排demo-frameworks.sh\"\n";
			showEnvVarsInLog = 0;
		};
/* End PBXShellScriptBuildPhase section */

/* Begin PBXSourcesBuildPhase section */
		EA0781C025F33AA300D79F65 /* Sources */ = {
			isa = PBXSourcesBuildPhase;
			buildActionMask = 2147483647;
			files = (
				EA0781CC25F33AA300D79F65 /* ViewController.swift in Sources */,
				EA0781C825F33AA300D79F65 /* AppDelegate.swift in Sources */,
				EA0781CA25F33AA300D79F65 /* SceneDelegate.swift in Sources */,
			);
			runOnlyForDeploymentPostprocessing = 0;
		};
/* End PBXSourcesBuildPhase section */

/* Begin PBXVariantGroup section */
		EA0781CD25F33AA300D79F65 /* Main.storyboard */ = {
			isa = PBXVariantGroup;
			children = (
				EA0781CE25F33AA300D79F65 /* Base */,
			);
			name = Main.storyboard;
			sourceTree = "<group>";
		};
		EA0781D225F33AA700D79F65 /* LaunchScreen.storyboard */ = {
			isa = PBXVariantGroup;
			children = (
				EA0781D325F33AA700D79F65 /* Base */,
			);
			name = LaunchScreen.storyboard;
			sourceTree = "<group>";
		};
/* End PBXVariantGroup section */

/* Begin XCBuildConfiguration section */
		EA0781D625F33AA700D79F65 /* Debug */ = {
			isa = XCBuildConfiguration;
			buildSettings = {
				ALWAYS_SEARCH_USER_PATHS = NO;
				CLANG_ANALYZER_NONNULL = YES;
				CLANG_ANALYZER_NUMBER_OBJECT_CONVERSION = YES_AGGRESSIVE;
				CLANG_CXX_LANGUAGE_STANDARD = "gnu++14";
				CLANG_CXX_LIBRARY = "libc++";
				CLANG_ENABLE_MODULES = YES;
				CLANG_ENABLE_OBJC_ARC = YES;
				CLANG_ENABLE_OBJC_WEAK = YES;
				CLANG_WARN_BLOCK_CAPTURE_AUTORELEASING = YES;
				CLANG_WARN_BOOL_CONVERSION = YES;
				CLANG_WARN_COMMA = YES;
				CLANG_WARN_CONSTANT_CONVERSION = YES;
				CLANG_WARN_DEPRECATED_OBJC_IMPLEMENTATIONS = YES;
				CLANG_WARN_DIRECT_OBJC_ISA_USAGE = YES_ERROR;
				CLANG_WARN_DOCUMENTATION_COMMENTS = YES;
				CLANG_WARN_EMPTY_BODY = YES;
				CLANG_WARN_ENUM_CONVERSION = YES;
				CLANG_WARN_INFINITE_RECURSION = YES;
				CLANG_WARN_INT_CONVERSION = YES;
				CLANG_WARN_NON_LITERAL_NULL_CONVERSION = YES;
				CLANG_WARN_OBJC_IMPLICIT_RETAIN_SELF = YES;
				CLANG_WARN_OBJC_LITERAL_CONVERSION = YES;
				CLANG_WARN_OBJC_ROOT_CLASS = YES_ERROR;
				CLANG_WARN_QUOTED_INCLUDE_IN_FRAMEWORK_HEADER = YES;
				CLANG_WARN_RANGE_LOOP_ANALYSIS = YES;
				CLANG_WARN_STRICT_PROTOTYPES = YES;
				CLANG_WARN_SUSPICIOUS_MOVE = YES;
				CLANG_WARN_UNGUARDED_AVAILABILITY = YES_AGGRESSIVE;
				CLANG_WARN_UNREACHABLE_CODE = YES;
				CLANG_WARN__DUPLICATE_METHOD_MATCH = YES;
				COPY_PHASE_STRIP = NO;
				DEBUG_INFORMATION_FORMAT = dwarf;
				ENABLE_STRICT_OBJC_MSGSEND = YES;
				ENABLE_TESTABILITY = YES;
				GCC_C_LANGUAGE_STANDARD = gnu11;
				GCC_DYNAMIC_NO_PIC = NO;
				GCC_NO_COMMON_BLOCKS = YES;
				GCC_OPTIMIZATION_LEVEL = 0;
				GCC_PREPROCESSOR_DEFINITIONS = (
					"DEBUG=1",
					"$(inherited)",
				);
				GCC_WARN_64_TO_32_BIT_CONVERSION = YES;
				GCC_WARN_ABOUT_RETURN_TYPE = YES_ERROR;
				GCC_WARN_UNDECLARED_SELECTOR = YES;
				GCC_WARN_UNINITIALIZED_AUTOS = YES_AGGRESSIVE;
				GCC_WARN_UNUSED_FUNCTION = YES;
				GCC_WARN_UNUSED_VARIABLE = YES;
				IPHONEOS_DEPLOYMENT_TARGET = 14.4;
				MTL_ENABLE_DEBUG_INFO = INCLUDE_SOURCE;
				MTL_FAST_MATH = YES;
				ONLY_ACTIVE_ARCH = YES;
				SDKROOT = iphoneos;
				SWIFT_ACTIVE_COMPILATION_CONDITIONS = DEBUG;
				SWIFT_OPTIMIZATION_LEVEL = "-Onone";
			};
			name = Debug;
		};
		EA0781D725F33AA700D79F65 /* Release */ = {
			isa = XCBuildConfiguration;
			buildSettings = {
				ALWAYS_SEARCH_USER_PATHS = NO;
				CLANG_ANALYZER_NONNULL = YES;
				CLANG_ANALYZER_NUMBER_OBJECT_CONVERSION = YES_AGGRESSIVE;
				CLANG_CXX_LANGUAGE_STANDARD = "gnu++14";
				CLANG_CXX_LIBRARY = "libc++";
				CLANG_ENABLE_MODULES = YES;
				CLANG_ENABLE_OBJC_ARC = YES;
				CLANG_ENABLE_OBJC_WEAK = YES;
				CLANG_WARN_BLOCK_CAPTURE_AUTORELEASING = YES;
				CLANG_WARN_BOOL_CONVERSION = YES;
				CLANG_WARN_COMMA = YES;
				CLANG_WARN_CONSTANT_CONVERSION = YES;
				CLANG_WARN_DEPRECATED_OBJC_IMPLEMENTATIONS = YES;
				CLANG_WARN_DIRECT_OBJC_ISA_USAGE = YES_ERROR;
				CLANG_WARN_DOCUMENTATION_COMMENTS = YES;
				CLANG_WARN_EMPTY_BODY = YES;
				CLANG_WARN_ENUM_CONVERSION = YES;
				CLANG_WARN_INFINITE_RECURSION = YES;
				CLANG_WARN_INT_CONVERSION = YES;
				CLANG_WARN_NON_LITERAL_NULL_CONVERSION = YES;
				CLANG_WARN_OBJC_IMPLICIT_RETAIN_SELF = YES;
				CLANG_WARN_OBJC_LITERAL_CONVERSION = YES;
				CLANG_WARN_OBJC_ROOT_CLASS = YES_ERROR;
				CLANG_WARN_QUOTED_INCLUDE_IN_FRAMEWORK_HEADER = YES;
				CLANG_WARN_RANGE_LOOP_ANALYSIS = YES;
				CLANG_WARN_STRICT_PROTOTYPES = YES;
				CLANG_WARN_SUSPICIOUS_MOVE = YES;
				CLANG_WARN_UNGUARDED_AVAILABILITY = YES_AGGRESSIVE;
				CLANG_WARN_UNREACHABLE_CODE = YES;
				CLANG_WARN__DUPLICATE_METHOD_MATCH = YES;
				COPY_PHASE_STRIP = NO;
				DEBUG_INFORMATION_FORMAT = "dwarf-with-dsym";
				ENABLE_NS_ASSERTIONS = NO;
				ENABLE_STRICT_OBJC_MSGSEND = YES;
				GCC_C_LANGUAGE_STANDARD = gnu11;
				GCC_NO_COMMON_BLOCKS = YES;
				GCC_WARN_64_TO_32_BIT_CONVERSION = YES;
				GCC_WARN_ABOUT_RETURN_TYPE = YES_ERROR;
				GCC_WARN_UNDECLARED_SELECTOR = YES;
				GCC_WARN_UNINITIALIZED_AUTOS = YES_AGGRESSIVE;
				GCC_WARN_UNUSED_FUNCTION = YES;
				GCC_WARN_UNUSED_VARIABLE = YES;
				IPHONEOS_DEPLOYMENT_TARGET = 14.4;
				MTL_ENABLE_DEBUG_INFO = NO;
				MTL_FAST_MATH = YES;
				SDKROOT = iphoneos;
				SWIFT_COMPILATION_MODE = wholemodule;
				SWIFT_OPTIMIZATION_LEVEL = "-O";
				VALIDATE_PRODUCT = YES;
			};
			name = Release;
		};
		EA0781D925F33AA700D79F65 /* Debug */ = {
			isa = XCBuildConfiguration;
			baseConfigurationReference = 7FCC9CF1DAA0E03DCEC35F79 /* Pods-UITextView图文混排demo.debug.xcconfig */;
			buildSettings = {
				ASSETCATALOG_COMPILER_APPICON_NAME = AppIcon;
				ASSETCATALOG_COMPILER_GLOBAL_ACCENT_COLOR_NAME = AccentColor;
				CODE_SIGN_STYLE = Automatic;
				DEVELOPMENT_TEAM = 7FQ4A4P99R;
				INFOPLIST_FILE = "UITextView图文混排demo/Info.plist";
				LD_RUNPATH_SEARCH_PATHS = (
					"$(inherited)",
					"@executable_path/Frameworks",
				);
				PRODUCT_BUNDLE_IDENTIFIER = "Norway.UITextView----demo";
				PRODUCT_NAME = "$(TARGET_NAME)";
				SWIFT_VERSION = 5.0;
				TARGETED_DEVICE_FAMILY = "1,2";
			};
			name = Debug;
		};
		EA0781DA25F33AA700D79F65 /* Release */ = {
			isa = XCBuildConfiguration;
			baseConfigurationReference = 5314C4EF1F7F67CEFB6BA7C6 /* Pods-UITextView图文混排demo.release.xcconfig */;
			buildSettings = {
				ASSETCATALOG_COMPILER_APPICON_NAME = AppIcon;
				ASSETCATALOG_COMPILER_GLOBAL_ACCENT_COLOR_NAME = AccentColor;
				CODE_SIGN_STYLE = Automatic;
				DEVELOPMENT_TEAM = 7FQ4A4P99R;
				INFOPLIST_FILE = "UITextView图文混排demo/Info.plist";
				LD_RUNPATH_SEARCH_PATHS = (
					"$(inherited)",
					"@executable_path/Frameworks",
				);
				PRODUCT_BUNDLE_IDENTIFIER = "Norway.UITextView----demo";
				PRODUCT_NAME = "$(TARGET_NAME)";
				SWIFT_VERSION = 5.0;
				TARGETED_DEVICE_FAMILY = "1,2";
			};
			name = Release;
		};
/* End XCBuildConfiguration section */

/* Begin XCConfigurationList section */
		EA0781BF25F33AA300D79F65 /* Build configuration list for PBXProject "UITextView图文混排demo" */ = {
			isa = XCConfigurationList;
			buildConfigurations = (
				EA0781D625F33AA700D79F65 /* Debug */,
				EA0781D725F33AA700D79F65 /* Release */,
			);
			defaultConfigurationIsVisible = 0;
			defaultConfigurationName = Release;
		};
		EA0781D825F33AA700D79F65 /* Build configuration list for PBXNativeTarget "UITextView图文混排demo" */ = {
			isa = XCConfigurationList;
			buildConfigurations = (
				EA0781D925F33AA700D79F65 /* Debug */,
				EA0781DA25F33AA700D79F65 /* Release */,
			);
			defaultConfigurationIsVisible = 0;
			defaultConfigurationName = Release;
		};
/* End XCConfigurationList section */
	};
	rootObject = EA0781BC25F33AA300D79F65 /* Project object */;
}
